
Microsoft Visual Studio Solution File, Format Version 12.00
# Visual Studio Version 16
Project("{2150E333-8FDC-42A3-9474-1A3956D46DE8}") = "src", "src", "{524E5B0A-1507-498D-8592-36363400D950}"
EndProject
Project("{FAE04EC0-301F-11D3-BF4B-00C04F79EFBC}") = "RapidPay.ServiceHost", "src\RapidPay.ServiceHost\RapidPay.ServiceHost.csproj", "{9C31D55C-D93D-4806-B710-3DCA33A73E2A}"
EndProject
Project("{FAE04EC0-301F-11D3-BF4B-00C04F79EFBC}") = "RapidPay.Domain", "src\RapidPay.Domain\RapidPay.Domain.csproj", "{F24DA13E-DBB2-4915-AE00-AA173F168254}"
EndProject
Project("{FAE04EC0-301F-11D3-BF4B-00C04F79EFBC}") = "RapidPay.Data", "src\RapidPay.Data\RapidPay.Data.csproj", "{0137D27B-2EFA-4832-871A-1541C4EE3BA6}"
EndProject
Project("{FAE04EC0-301F-11D3-BF4B-00C04F79EFBC}") = "RapidPay.Services", "src\RapidPay.Services\RapidPay.Services.csproj", "{0D7179E9-DF90-48D1-B620-FA2E51E9113D}"
EndProject
Global
	GlobalSection(SolutionConfigurationPlatforms) = preSolution
		Debug|Any CPU = Debug|Any CPU
		Release|Any CPU = Release|Any CPU
	EndGlobalSection
	GlobalSection(NestedProjects) = preSolution
		{9C31D55C-D93D-4806-B710-3DCA33A73E2A} = {524E5B0A-1507-498D-8592-36363400D950}
		{F24DA13E-DBB2-4915-AE00-AA173F168254} = {524E5B0A-1507-498D-8592-36363400D950}
		{0137D27B-2EFA-4832-871A-1541C4EE3BA6} = {524E5B0A-1507-498D-8592-36363400D950}
		{0D7179E9-DF90-48D1-B620-FA2E51E9113D} = {524E5B0A-1507-498D-8592-36363400D950}
	EndGlobalSection
	GlobalSection(ProjectConfigurationPlatforms) = postSolution
		{9C31D55C-D93D-4806-B710-3DCA33A73E2A}.Debug|Any CPU.ActiveCfg = Debug|Any CPU
		{9C31D55C-D93D-4806-B710-3DCA33A73E2A}.Debug|Any CPU.Build.0 = Debug|Any CPU
		{9C31D55C-D93D-4806-B710-3DCA33A73E2A}.Release|Any CPU.ActiveCfg = Release|Any CPU
		{9C31D55C-D93D-4806-B710-3DCA33A73E2A}.Release|Any CPU.Build.0 = Release|Any CPU
		{F24DA13E-DBB2-4915-AE00-AA173F168254}.Debug|Any CPU.ActiveCfg = Debug|Any CPU
		{F24DA13E-DBB2-4915-AE00-AA173F168254}.Debug|Any CPU.Build.0 = Debug|Any CPU
		{F24DA13E-DBB2-4915-AE00-AA173F168254}.Release|Any CPU.ActiveCfg = Release|Any CPU
		{F24DA13E-DBB2-4915-AE00-AA173F168254}.Release|Any CPU.Build.0 = Release|Any CPU
		{0137D27B-2EFA-4832-871A-1541C4EE3BA6}.Debug|Any CPU.ActiveCfg = Debug|Any CPU
		{0137D27B-2EFA-4832-871A-1541C4EE3BA6}.Debug|Any CPU.Build.0 = Debug|Any CPU
		{0137D27B-2EFA-4832-871A-1541C4EE3BA6}.Release|Any CPU.ActiveCfg = Release|Any CPU
		{0137D27B-2EFA-4832-871A-1541C4EE3BA6}.Release|Any CPU.Build.0 = Release|Any CPU
		{0D7179E9-DF90-48D1-B620-FA2E51E9113D}.Debug|Any CPU.ActiveCfg = Debug|Any CPU
		{0D7179E9-DF90-48D1-B620-FA2E51E9113D}.Debug|Any CPU.Build.0 = Debug|Any CPU
		{0D7179E9-DF90-48D1-B620-FA2E51E9113D}.Release|Any CPU.ActiveCfg = Release|Any CPU
		{0D7179E9-DF90-48D1-B620-FA2E51E9113D}.Release|Any CPU.Build.0 = Release|Any CPU
	EndGlobalSection
EndGlobal
